// !$*UTF8*$!
{
	archiveVersion = 1;
	classes = {
	};
	objectVersion = 55;
	objects = {

/* Begin PBXBuildFile section */
		3D9E5497275D022600A84539 /* AppDelegate.swift in Sources */ = {isa = PBXBuildFile; fileRef = 3D9E5496275D022600A84539 /* AppDelegate.swift */; };
		3D9E5499275D022600A84539 /* SceneDelegate.swift in Sources */ = {isa = PBXBuildFile; fileRef = 3D9E5498275D022600A84539 /* SceneDelegate.swift */; };
		3D9E549B275D022600A84539 /* ViewController.swift in Sources */ = {isa = PBXBuildFile; fileRef = 3D9E549A275D022600A84539 /* ViewController.swift */; };
		3D9E549E275D022600A84539 /* Main.storyboard in Resources */ = {isa = PBXBuildFile; fileRef = 3D9E549C275D022600A84539 /* Main.storyboard */; };
		3D9E54A0275D022700A84539 /* Assets.xcassets in Resources */ = {isa = PBXBuildFile; fileRef = 3D9E549F275D022700A84539 /* Assets.xcassets */; };
		3D9E54A3275D022700A84539 /* LaunchScreen.storyboard in Resources */ = {isa = PBXBuildFile; fileRef = 3D9E54A1275D022700A84539 /* LaunchScreen.storyboard */; };
		3D9E54AE275D022700A84539 /* Mussum_AppisTests.swift in Sources */ = {isa = PBXBuildFile; fileRef = 3D9E54AD275D022700A84539 /* Mussum_AppisTests.swift */; };
		3D9E54B8275D022700A84539 /* Mussum_AppisUITests.swift in Sources */ = {isa = PBXBuildFile; fileRef = 3D9E54B7275D022700A84539 /* Mussum_AppisUITests.swift */; };
		3D9E54BA275D022700A84539 /* Mussum_AppisUITestsLaunchTests.swift in Sources */ = {isa = PBXBuildFile; fileRef = 3D9E54B9275D022700A84539 /* Mussum_AppisUITestsLaunchTests.swift */; };
/* End PBXBuildFile section */

/* Begin PBXContainerItemProxy section */
		3D9E54AA275D022700A84539 /* PBXContainerItemProxy */ = {
			isa = PBXContainerItemProxy;
			containerPortal = 3D9E548B275D022600A84539 /* Project object */;
			proxyType = 1;
			remoteGlobalIDString = 3D9E5492275D022600A84539;
			remoteInfo = "Mussum Appis";
		};
		3D9E54B4275D022700A84539 /* PBXContainerItemProxy */ = {
			isa = PBXContainerItemProxy;
			containerPortal = 3D9E548B275D022600A84539 /* Project object */;
			proxyType = 1;
			remoteGlobalIDString = 3D9E5492275D022600A84539;
			remoteInfo = "Mussum Appis";
		};
/* End PBXContainerItemProxy section */

/* Begin PBXFileReference section */
		3D9E5493275D022600A84539 /* Mussum Appis.app */ = {isa = PBXFileReference; explicitFileType = wrapper.application; includeInIndex = 0; path = "Mussum Appis.app"; sourceTree = BUILT_PRODUCTS_DIR; };
		3D9E5496275D022600A84539 /* AppDelegate.swift */ = {isa = PBXFileReference; lastKnownFileType = sourcecode.swift; path = AppDelegate.swift; sourceTree = "<group>"; };
		3D9E5498275D022600A84539 /* SceneDelegate.swift */ = {isa = PBXFileReference; lastKnownFileType = sourcecode.swift; path = SceneDelegate.swift; sourceTree = "<group>"; };
		3D9E549A275D022600A84539 /* ViewController.swift */ = {isa = PBXFileReference; lastKnownFileType = sourcecode.swift; path = ViewController.swift; sourceTree = "<group>"; };
		3D9E549D275D022600A84539 /* Base */ = {isa = PBXFileReference; lastKnownFileType = file.storyboard; name = Base; path = Base.lproj/Main.storyboard; sourceTree = "<group>"; };
		3D9E549F275D022700A84539 /* Assets.xcassets */ = {isa = PBXFileReference; lastKnownFileType = folder.assetcatalog; path = Assets.xcassets; sourceTree = "<group>"; };
		3D9E54A2275D022700A84539 /* Base */ = {isa = PBXFileReference; lastKnownFileType = file.storyboard; name = Base; path = Base.lproj/LaunchScreen.storyboard; sourceTree = "<group>"; };
		3D9E54A4275D022700A84539 /* Info.plist */ = {isa = PBXFileReference; lastKnownFileType = text.plist.xml; path = Info.plist; sourceTree = "<group>"; };
		3D9E54A9275D022700A84539 /* Mussum AppisTests.xctest */ = {isa = PBXFileReference; explicitFileType = wrapper.cfbundle; includeInIndex = 0; path = "Mussum AppisTests.xctest"; sourceTree = BUILT_PRODUCTS_DIR; };
		3D9E54AD275D022700A84539 /* Mussum_AppisTests.swift */ = {isa = PBXFileReference; lastKnownFileType = sourcecode.swift; path = Mussum_AppisTests.swift; sourceTree = "<group>"; };
		3D9E54B3275D022700A84539 /* Mussum AppisUITests.xctest */ = {isa = PBXFileReference; explicitFileType = wrapper.cfbundle; includeInIndex = 0; path = "Mussum AppisUITests.xctest"; sourceTree = BUILT_PRODUCTS_DIR; };
		3D9E54B7275D022700A84539 /* Mussum_AppisUITests.swift */ = {isa = PBXFileReference; lastKnownFileType = sourcecode.swift; path = Mussum_AppisUITests.swift; sourceTree = "<group>"; };
		3D9E54B9275D022700A84539 /* Mussum_AppisUITestsLaunchTests.swift */ = {isa = PBXFileReference; lastKnownFileType = sourcecode.swift; path = Mussum_AppisUITestsLaunchTests.swift; sourceTree = "<group>"; };
/* End PBXFileReference section */

/* Begin PBXFrameworksBuildPhase section */
		3D9E5490275D022600A84539 /* Frameworks */ = {
			isa = PBXFrameworksBuildPhase;
			buildActionMask = 2147483647;
			files = (
			);
			runOnlyForDeploymentPostprocessing = 0;
		};
		3D9E54A6275D022700A84539 /* Frameworks */ = {
			isa = PBXFrameworksBuildPhase;
			buildActionMask = 2147483647;
			files = (
			);
			runOnlyForDeploymentPostprocessing = 0;
		};
		3D9E54B0275D022700A84539 /* Frameworks */ = {
			isa = PBXFrameworksBuildPhase;
			buildActionMask = 2147483647;
			files = (
			);
			runOnlyForDeploymentPostprocessing = 0;
		};
/* End PBXFrameworksBuildPhase section */

/* Begin PBXGroup section */
		3D9E548A275D022600A84539 = {
			isa = PBXGroup;
			children = (
				3D9E5495275D022600A84539 /* Mussum Appis */,
				3D9E54AC275D022700A84539 /* Mussum AppisTests */,
				3D9E54B6275D022700A84539 /* Mussum AppisUITests */,
				3D9E5494275D022600A84539 /* Products */,
			);
			sourceTree = "<group>";
		};
		3D9E5494275D022600A84539 /* Products */ = {
			isa = PBXGroup;
			children = (
				3D9E5493275D022600A84539 /* Mussum Appis.app */,
				3D9E54A9275D022700A84539 /* Mussum AppisTests.xctest */,
				3D9E54B3275D022700A84539 /* Mussum AppisUITests.xctest */,
			);
			name = Products;
			sourceTree = "<group>";
		};
		3D9E5495275D022600A84539 /* Mussum Appis */ = {
			isa = PBXGroup;
			children = (
				3D9E5496275D022600A84539 /* AppDelegate.swift */,
				3D9E5498275D022600A84539 /* SceneDelegate.swift */,
				3D9E549A275D022600A84539 /* ViewController.swift */,
				3D9E549C275D022600A84539 /* Main.storyboard */,
				3D9E549F275D022700A84539 /* Assets.xcassets */,
				3D9E54A1275D022700A84539 /* LaunchScreen.storyboard */,
				3D9E54A4275D022700A84539 /* Info.plist */,
			);
			path = "Mussum Appis";
			sourceTree = "<group>";
		};
		3D9E54AC275D022700A84539 /* Mussum AppisTests */ = {
			isa = PBXGroup;
			children = (
				3D9E54AD275D022700A84539 /* Mussum_AppisTests.swift */,
			);
			path = "Mussum AppisTests";
			sourceTree = "<group>";
		};
		3D9E54B6275D022700A84539 /* Mussum AppisUITests */ = {
			isa = PBXGroup;
			children = (
				3D9E54B7275D022700A84539 /* Mussum_AppisUITests.swift */,
				3D9E54B9275D022700A84539 /* Mussum_AppisUITestsLaunchTests.swift */,
			);
			path = "Mussum AppisUITests";
			sourceTree = "<group>";
		};
/* End PBXGroup section */

/* Begin PBXNativeTarget section */
		3D9E5492275D022600A84539 /* Mussum Appis */ = {
			isa = PBXNativeTarget;
			buildConfigurationList = 3D9E54BD275D022700A84539 /* Build configuration list for PBXNativeTarget "Mussum Appis" */;
			buildPhases = (
				3D9E548F275D022600A84539 /* Sources */,
				3D9E5490275D022600A84539 /* Frameworks */,
				3D9E5491275D022600A84539 /* Resources */,
			);
			buildRules = (
			);
			dependencies = (
			);
			name = "Mussum Appis";
			productName = "Mussum Appis";
			productReference = 3D9E5493275D022600A84539 /* Mussum Appis.app */;
			productType = "com.apple.product-type.application";
		};
		3D9E54A8275D022700A84539 /* Mussum AppisTests */ = {
			isa = PBXNativeTarget;
			buildConfigurationList = 3D9E54C0275D022700A84539 /* Build configuration list for PBXNativeTarget "Mussum AppisTests" */;
			buildPhases = (
				3D9E54A5275D022700A84539 /* Sources */,
				3D9E54A6275D022700A84539 /* Frameworks */,
				3D9E54A7275D022700A84539 /* Resources */,
			);
			buildRules = (
			);
			dependencies = (
				3D9E54AB275D022700A84539 /* PBXTargetDependency */,
			);
			name = "Mussum AppisTests";
			productName = "Mussum AppisTests";
			productReference = 3D9E54A9275D022700A84539 /* Mussum AppisTests.xctest */;
			productType = "com.apple.product-type.bundle.unit-test";
		};
		3D9E54B2275D022700A84539 /* Mussum AppisUITests */ = {
			isa = PBXNativeTarget;
			buildConfigurationList = 3D9E54C3275D022700A84539 /* Build configuration list for PBXNativeTarget "Mussum AppisUITests" */;
			buildPhases = (
				3D9E54AF275D022700A84539 /* Sources */,
				3D9E54B0275D022700A84539 /* Frameworks */,
				3D9E54B1275D022700A84539 /* Resources */,
			);
			buildRules = (
			);
			dependencies = (
				3D9E54B5275D022700A84539 /* PBXTargetDependency */,
			);
			name = "Mussum AppisUITests";
			productName = "Mussum AppisUITests";
			productReference = 3D9E54B3275D022700A84539 /* Mussum AppisUITests.xctest */;
			productType = "com.apple.product-type.bundle.ui-testing";
		};
/* End PBXNativeTarget section */

/* Begin PBXProject section */
		3D9E548B275D022600A84539 /* Project object */ = {
			isa = PBXProject;
			attributes = {
				BuildIndependentTargetsInParallel = 1;
				LastSwiftUpdateCheck = 1310;
				LastUpgradeCheck = 1310;
				TargetAttributes = {
					3D9E5492275D022600A84539 = {
						CreatedOnToolsVersion = 13.1;
					};
					3D9E54A8275D022700A84539 = {
						CreatedOnToolsVersion = 13.1;
						TestTargetID = 3D9E5492275D022600A84539;
					};
					3D9E54B2275D022700A84539 = {
						CreatedOnToolsVersion = 13.1;
						TestTargetID = 3D9E5492275D022600A84539;
					};
				};
			};
			buildConfigurationList = 3D9E548E275D022600A84539 /* Build configuration list for PBXProject "Mussum Appis" */;
			compatibilityVersion = "Xcode 13.0";
			developmentRegion = en;
			hasScannedForEncodings = 0;
			knownRegions = (
				en,
				Base,
			);
			mainGroup = 3D9E548A275D022600A84539;
			productRefGroup = 3D9E5494275D022600A84539 /* Products */;
			projectDirPath = "";
			projectRoot = "";
			targets = (
				3D9E5492275D022600A84539 /* Mussum Appis */,
				3D9E54A8275D022700A84539 /* Mussum AppisTests */,
				3D9E54B2275D022700A84539 /* Mussum AppisUITests */,
			);
		};
/* End PBXProject section */

/* Begin PBXResourcesBuildPhase section */
		3D9E5491275D022600A84539 /* Resources */ = {
			isa = PBXResourcesBuildPhase;
			buildActionMask = 2147483647;
			files = (
				3D9E54A3275D022700A84539 /* LaunchScreen.storyboard in Resources */,
				3D9E54A0275D022700A84539 /* Assets.xcassets in Resources */,
				3D9E549E275D022600A84539 /* Main.storyboard in Resources */,
			);
			runOnlyForDeploymentPostprocessing = 0;
		};
		3D9E54A7275D022700A84539 /* Resources */ = {
			isa = PBXResourcesBuildPhase;
			buildActionMask = 2147483647;
			files = (
			);
			runOnlyForDeploymentPostprocessing = 0;
		};
		3D9E54B1275D022700A84539 /* Resources */ = {
			isa = PBXResourcesBuildPhase;
			buildActionMask = 2147483647;
			files = (
			);
			runOnlyForDeploymentPostprocessing = 0;
		};
/* End PBXResourcesBuildPhase section */

/* Begin PBXSourcesBuildPhase section */
		3D9E548F275D022600A84539 /* Sources */ = {
			isa = PBXSourcesBuildPhase;
			buildActionMask = 2147483647;
			files = (
				3D9E549B275D022600A84539 /* ViewController.swift in Sources */,
				3D9E5497275D022600A84539 /* AppDelegate.swift in Sources */,
				3D9E5499275D022600A84539 /* SceneDelegate.swift in Sources */,
			);
			runOnlyForDeploymentPostprocessing = 0;
		};
		3D9E54A5275D022700A84539 /* Sources */ = {
			isa = PBXSourcesBuildPhase;
			buildActionMask = 2147483647;
			files = (
				3D9E54AE275D022700A84539 /* Mussum_AppisTests.swift in Sources */,
			);
			runOnlyForDeploymentPostprocessing = 0;
		};
		3D9E54AF275D022700A84539 /* Sources */ = {
			isa = PBXSourcesBuildPhase;
			buildActionMask = 2147483647;
			files = (
				3D9E54BA275D022700A84539 /* Mussum_AppisUITestsLaunchTests.swift in Sources */,
				3D9E54B8275D022700A84539 /* Mussum_AppisUITests.swift in Sources */,
			);
			runOnlyForDeploymentPostprocessing = 0;
		};
/* End PBXSourcesBuildPhase section */

/* Begin PBXTargetDependency section */
		3D9E54AB275D022700A84539 /* PBXTargetDependency */ = {
			isa = PBXTargetDependency;
			target = 3D9E5492275D022600A84539 /* Mussum Appis */;
			targetProxy = 3D9E54AA275D022700A84539 /* PBXContainerItemProxy */;
		};
		3D9E54B5275D022700A84539 /* PBXTargetDependency */ = {
			isa = PBXTargetDependency;
			target = 3D9E5492275D022600A84539 /* Mussum Appis */;
			targetProxy = 3D9E54B4275D022700A84539 /* PBXContainerItemProxy */;
		};
/* End PBXTargetDependency section */

/* Begin PBXVariantGroup section */
		3D9E549C275D022600A84539 /* Main.storyboard */ = {
			isa = PBXVariantGroup;
			children = (
				3D9E549D275D022600A84539 /* Base */,
			);
			name = Main.storyboard;
			sourceTree = "<group>";
		};
		3D9E54A1275D022700A84539 /* LaunchScreen.storyboard */ = {
			isa = PBXVariantGroup;
			children = (
				3D9E54A2275D022700A84539 /* Base */,
			);
			name = LaunchScreen.storyboard;
			sourceTree = "<group>";
		};
/* End PBXVariantGroup section */

/* Begin XCBuildConfiguration section */
		3D9E54BB275D022700A84539 /* Debug */ = {
			isa = XCBuildConfiguration;
			buildSettings = {
				ALWAYS_SEARCH_USER_PATHS = NO;
				CLANG_ANALYZER_NONNULL = YES;
				CLANG_ANALYZER_NUMBER_OBJECT_CONVERSION = YES_AGGRESSIVE;
				CLANG_CXX_LANGUAGE_STANDARD = "gnu++17";
				CLANG_CXX_LIBRARY = "libc++";
				CLANG_ENABLE_MODULES = YES;
				CLANG_ENABLE_OBJC_ARC = YES;
				CLANG_ENABLE_OBJC_WEAK = YES;
				CLANG_WARN_BLOCK_CAPTURE_AUTORELEASING = YES;
				CLANG_WARN_BOOL_CONVERSION = YES;
				CLANG_WARN_COMMA = YES;
				CLANG_WARN_CONSTANT_CONVERSION = YES;
				CLANG_WARN_DEPRECATED_OBJC_IMPLEMENTATIONS = YES;
				CLANG_WARN_DIRECT_OBJC_ISA_USAGE = YES_ERROR;
				CLANG_WARN_DOCUMENTATION_COMMENTS = YES;
				CLANG_WARN_EMPTY_BODY = YES;
				CLANG_WARN_ENUM_CONVERSION = YES;
				CLANG_WARN_INFINITE_RECURSION = YES;
				CLANG_WARN_INT_CONVERSION = YES;
				CLANG_WARN_NON_LITERAL_NULL_CONVERSION = YES;
				CLANG_WARN_OBJC_IMPLICIT_RETAIN_SELF = YES;
				CLANG_WARN_OBJC_LITERAL_CONVERSION = YES;
				CLANG_WARN_OBJC_ROOT_CLASS = YES_ERROR;
				CLANG_WARN_QUOTED_INCLUDE_IN_FRAMEWORK_HEADER = YES;
				CLANG_WARN_RANGE_LOOP_ANALYSIS = YES;
				CLANG_WARN_STRICT_PROTOTYPES = YES;
				CLANG_WARN_SUSPICIOUS_MOVE = YES;
				CLANG_WARN_UNGUARDED_AVAILABILITY = YES_AGGRESSIVE;
				CLANG_WARN_UNREACHABLE_CODE = YES;
				CLANG_WARN__DUPLICATE_METHOD_MATCH = YES;
				COPY_PHASE_STRIP = NO;
				DEBUG_INFORMATION_FORMAT = dwarf;
				ENABLE_STRICT_OBJC_MSGSEND = YES;
				ENABLE_TESTABILITY = YES;
				GCC_C_LANGUAGE_STANDARD = gnu11;
				GCC_DYNAMIC_NO_PIC = NO;
				GCC_NO_COMMON_BLOCKS = YES;
				GCC_OPTIMIZATION_LEVEL = 0;
				GCC_PREPROCESSOR_DEFINITIONS = (
					"DEBUG=1",
					"$(inherited)",
				);
				GCC_WARN_64_TO_32_BIT_CONVERSION = YES;
				GCC_WARN_ABOUT_RETURN_TYPE = YES_ERROR;
				GCC_WARN_UNDECLARED_SELECTOR = YES;
				GCC_WARN_UNINITIALIZED_AUTOS = YES_AGGRESSIVE;
				GCC_WARN_UNUSED_FUNCTION = YES;
				GCC_WARN_UNUSED_VARIABLE = YES;
				IPHONEOS_DEPLOYMENT_TARGET = 15.0;
				MTL_ENABLE_DEBUG_INFO = INCLUDE_SOURCE;
				MTL_FAST_MATH = YES;
				ONLY_ACTIVE_ARCH = YES;
				SDKROOT = iphoneos;
				SWIFT_ACTIVE_COMPILATION_CONDITIONS = DEBUG;
				SWIFT_OPTIMIZATION_LEVEL = "-Onone";
			};
			name = Debug;
		};
		3D9E54BC275D022700A84539 /* Release */ = {
			isa = XCBuildConfiguration;
			buildSettings = {
				ALWAYS_SEARCH_USER_PATHS = NO;
				CLANG_ANALYZER_NONNULL = YES;
				CLANG_ANALYZER_NUMBER_OBJECT_CONVERSION = YES_AGGRESSIVE;
				CLANG_CXX_LANGUAGE_STANDARD = "gnu++17";
				CLANG_CXX_LIBRARY = "libc++";
				CLANG_ENABLE_MODULES = YES;
				CLANG_ENABLE_OBJC_ARC = YES;
				CLANG_ENABLE_OBJC_WEAK = YES;
				CLANG_WARN_BLOCK_CAPTURE_AUTORELEASING = YES;
				CLANG_WARN_BOOL_CONVERSION = YES;
				CLANG_WARN_COMMA = YES;
				CLANG_WARN_CONSTANT_CONVERSION = YES;
				CLANG_WARN_DEPRECATED_OBJC_IMPLEMENTATIONS = YES;
				CLANG_WARN_DIRECT_OBJC_ISA_USAGE = YES_ERROR;
				CLANG_WARN_DOCUMENTATION_COMMENTS = YES;
				CLANG_WARN_EMPTY_BODY = YES;
				CLANG_WARN_ENUM_CONVERSION = YES;
				CLANG_WARN_INFINITE_RECURSION = YES;
				CLANG_WARN_INT_CONVERSION = YES;
				CLANG_WARN_NON_LITERAL_NULL_CONVERSION = YES;
				CLANG_WARN_OBJC_IMPLICIT_RETAIN_SELF = YES;
				CLANG_WARN_OBJC_LITERAL_CONVERSION = YES;
				CLANG_WARN_OBJC_ROOT_CLASS = YES_ERROR;
				CLANG_WARN_QUOTED_INCLUDE_IN_FRAMEWORK_HEADER = YES;
				CLANG_WARN_RANGE_LOOP_ANALYSIS = YES;
				CLANG_WARN_STRICT_PROTOTYPES = YES;
				CLANG_WARN_SUSPICIOUS_MOVE = YES;
				CLANG_WARN_UNGUARDED_AVAILABILITY = YES_AGGRESSIVE;
				CLANG_WARN_UNREACHABLE_CODE = YES;
				CLANG_WARN__DUPLICATE_METHOD_MATCH = YES;
				COPY_PHASE_STRIP = NO;
				DEBUG_INFORMATION_FORMAT = "dwarf-with-dsym";
				ENABLE_NS_ASSERTIONS = NO;
				ENABLE_STRICT_OBJC_MSGSEND = YES;
				GCC_C_LANGUAGE_STANDARD = gnu11;
				GCC_NO_COMMON_BLOCKS = YES;
				GCC_WARN_64_TO_32_BIT_CONVERSION = YES;
				GCC_WARN_ABOUT_RETURN_TYPE = YES_ERROR;
				GCC_WARN_UNDECLARED_SELECTOR = YES;
				GCC_WARN_UNINITIALIZED_AUTOS = YES_AGGRESSIVE;
				GCC_WARN_UNUSED_FUNCTION = YES;
				GCC_WARN_UNUSED_VARIABLE = YES;
				IPHONEOS_DEPLOYMENT_TARGET = 15.0;
				MTL_ENABLE_DEBUG_INFO = NO;
				MTL_FAST_MATH = YES;
				SDKROOT = iphoneos;
				SWIFT_COMPILATION_MODE = wholemodule;
				SWIFT_OPTIMIZATION_LEVEL = "-O";
				VALIDATE_PRODUCT = YES;
			};
			name = Release;
		};
		3D9E54BE275D022700A84539 /* Debug */ = {
			isa = XCBuildConfiguration;
			buildSettings = {
				ASSETCATALOG_COMPILER_APPICON_NAME = AppIcon;
				ASSETCATALOG_COMPILER_GLOBAL_ACCENT_COLOR_NAME = AccentColor;
				CODE_SIGN_STYLE = Automatic;
				CURRENT_PROJECT_VERSION = 1;
				DEVELOPMENT_TEAM = C8VJT32M4J;
				GENERATE_INFOPLIST_FILE = YES;
				INFOPLIST_FILE = "Mussum Appis/Info.plist";
				INFOPLIST_KEY_UIApplicationSupportsIndirectInputEvents = YES;
				INFOPLIST_KEY_UILaunchStoryboardName = LaunchScreen;
				INFOPLIST_KEY_UIMainStoryboardFile = Main;
				INFOPLIST_KEY_UISupportedInterfaceOrientations_iPad = "UIInterfaceOrientationPortrait UIInterfaceOrientationPortraitUpsideDown UIInterfaceOrientationLandscapeLeft UIInterfaceOrientationLandscapeRight";
				INFOPLIST_KEY_UISupportedInterfaceOrientations_iPhone = "UIInterfaceOrientationPortrait UIInterfaceOrientationLandscapeLeft UIInterfaceOrientationLandscapeRight";
				LD_RUNPATH_SEARCH_PATHS = (
					"$(inherited)",
					"@executable_path/Frameworks",
				);
				MARKETING_VERSION = 1.0;
				PRODUCT_BUNDLE_IDENTIFIER = "romuloviganico.Mussum-Appis";
				PRODUCT_NAME = "$(TARGET_NAME)";
				SWIFT_EMIT_LOC_STRINGS = YES;
				SWIFT_VERSION = 5.0;
				TARGETED_DEVICE_FAMILY = "1,2";
			};
			name = Debug;
		};
		3D9E54BF275D022700A84539 /* Release */ = {
			isa = XCBuildConfiguration;
			buildSettings = {
				ASSETCATALOG_COMPILER_APPICON_NAME = AppIcon;
				ASSETCATALOG_COMPILER_GLOBAL_ACCENT_COLOR_NAME = AccentColor;
				CODE_SIGN_STYLE = Automatic;
				CURRENT_PROJECT_VERSION = 1;
				DEVELOPMENT_TEAM = C8VJT32M4J;
				GENERATE_INFOPLIST_FILE = YES;
				INFOPLIST_FILE = "Mussum Appis/Info.plist";
				INFOPLIST_KEY_UIApplicationSupportsIndirectInputEvents = YES;
				INFOPLIST_KEY_UILaunchStoryboardName = LaunchScreen;
				INFOPLIST_KEY_UIMainStoryboardFile = Main;
				INFOPLIST_KEY_UISupportedInterfaceOrientations_iPad = "UIInterfaceOrientationPortrait UIInterfaceOrientationPortraitUpsideDown UIInterfaceOrientationLandscapeLeft UIInterfaceOrientationLandscapeRight";
				INFOPLIST_KEY_UISupportedInterfaceOrientations_iPhone = "UIInterfaceOrientationPortrait UIInterfaceOrientationLandscapeLeft UIInterfaceOrientationLandscapeRight";
				LD_RUNPATH_SEARCH_PATHS = (
					"$(inherited)",
					"@executable_path/Frameworks",
				);
				MARKETING_VERSION = 1.0;
				PRODUCT_BUNDLE_IDENTIFIER = "romuloviganico.Mussum-Appis";
				PRODUCT_NAME = "$(TARGET_NAME)";
				SWIFT_EMIT_LOC_STRINGS = YES;
				SWIFT_VERSION = 5.0;
				TARGETED_DEVICE_FAMILY = "1,2";
			};
			name = Release;
		};
		3D9E54C1275D022700A84539 /* Debug */ = {
			isa = XCBuildConfiguration;
			buildSettings = {
				ALWAYS_EMBED_SWIFT_STANDARD_LIBRARIES = YES;
				BUNDLE_LOADER = "$(TEST_HOST)";
				CODE_SIGN_STYLE = Automatic;
				CURRENT_PROJECT_VERSION = 1;
				DEVELOPMENT_TEAM = C8VJT32M4J;
				GENERATE_INFOPLIST_FILE = YES;
				IPHONEOS_DEPLOYMENT_TARGET = 15.0;
				LD_RUNPATH_SEARCH_PATHS = (
					"$(inherited)",
					"@executable_path/Frameworks",
					"@loader_path/Frameworks",
				);
				MARKETING_VERSION = 1.0;
				PRODUCT_BUNDLE_IDENTIFIER = "romuloviganico.Mussum-AppisTests";
				PRODUCT_NAME = "$(TARGET_NAME)";
				SWIFT_EMIT_LOC_STRINGS = NO;
				SWIFT_VERSION = 5.0;
				TARGETED_DEVICE_FAMILY = "1,2";
				TEST_HOST = "$(BUILT_PRODUCTS_DIR)/Mussum Appis.app/Mussum Appis";
			};
			name = Debug;
		};
		3D9E54C2275D022700A84539 /* Release */ = {
			isa = XCBuildConfiguration;
			buildSettings = {
				ALWAYS_EMBED_SWIFT_STANDARD_LIBRARIES = YES;
				BUNDLE_LOADER = "$(TEST_HOST)";
				CODE_SIGN_STYLE = Automatic;
				CURRENT_PROJECT_VERSION = 1;
				DEVELOPMENT_TEAM = C8VJT32M4J;
				GENERATE_INFOPLIST_FILE = YES;
				IPHONEOS_DEPLOYMENT_TARGET = 15.0;
				LD_RUNPATH_SEARCH_PATHS = (
					"$(inherited)",
					"@executable_path/Frameworks",
					"@loader_path/Frameworks",
				);
				MARKETING_VERSION = 1.0;
				PRODUCT_BUNDLE_IDENTIFIER = "romuloviganico.Mussum-AppisTests";
				PRODUCT_NAME = "$(TARGET_NAME)";
				SWIFT_EMIT_LOC_STRINGS = NO;
				SWIFT_VERSION = 5.0;
				TARGETED_DEVICE_FAMILY = "1,2";
				TEST_HOST = "$(BUILT_PRODUCTS_DIR)/Mussum Appis.app/Mussum Appis";
			};
			name = Release;
		};
		3D9E54C4275D022700A84539 /* Debug */ = {
			isa = XCBuildConfiguration;
			buildSettings = {
				ALWAYS_EMBED_SWIFT_STANDARD_LIBRARIES = YES;
				CODE_SIGN_STYLE = Automatic;
				CURRENT_PROJECT_VERSION = 1;
				DEVELOPMENT_TEAM = C8VJT32M4J;
				GENERATE_INFOPLIST_FILE = YES;
				LD_RUNPATH_SEARCH_PATHS = (
					"$(inherited)",
					"@executable_path/Frameworks",
					"@loader_path/Frameworks",
				);
				MARKETING_VERSION = 1.0;
				PRODUCT_BUNDLE_IDENTIFIER = "romuloviganico.Mussum-AppisUITests";
				PRODUCT_NAME = "$(TARGET_NAME)";
				SWIFT_EMIT_LOC_STRINGS = NO;
				SWIFT_VERSION = 5.0;
				TARGETED_DEVICE_FAMILY = "1,2";
				TEST_TARGET_NAME = "Mussum Appis";
			};
			name = Debug;
		};
		3D9E54C5275D022700A84539 /* Release */ = {
			isa = XCBuildConfiguration;
			buildSettings = {
				ALWAYS_EMBED_SWIFT_STANDARD_LIBRARIES = YES;
				CODE_SIGN_STYLE = Automatic;
				CURRENT_PROJECT_VERSION = 1;
				DEVELOPMENT_TEAM = C8VJT32M4J;
				GENERATE_INFOPLIST_FILE = YES;
				LD_RUNPATH_SEARCH_PATHS = (
					"$(inherited)",
					"@executable_path/Frameworks",
					"@loader_path/Frameworks",
				);
				MARKETING_VERSION = 1.0;
				PRODUCT_BUNDLE_IDENTIFIER = "romuloviganico.Mussum-AppisUITests";
				PRODUCT_NAME = "$(TARGET_NAME)";
				SWIFT_EMIT_LOC_STRINGS = NO;
				SWIFT_VERSION = 5.0;
				TARGETED_DEVICE_FAMILY = "1,2";
				TEST_TARGET_NAME = "Mussum Appis";
			};
			name = Release;
		};
/* End XCBuildConfiguration section */

/* Begin XCConfigurationList section */
		3D9E548E275D022600A84539 /* Build configuration list for PBXProject "Mussum Appis" */ = {
			isa = XCConfigurationList;
			buildConfigurations = (
				3D9E54BB275D022700A84539 /* Debug */,
				3D9E54BC275D022700A84539 /* Release */,
			);
			defaultConfigurationIsVisible = 0;
			defaultConfigurationName = Release;
		};
		3D9E54BD275D022700A84539 /* Build configuration list for PBXNativeTarget "Mussum Appis" */ = {
			isa = XCConfigurationList;
			buildConfigurations = (
				3D9E54BE275D022700A84539 /* Debug */,
				3D9E54BF275D022700A84539 /* Release */,
			);
			defaultConfigurationIsVisible = 0;
			defaultConfigurationName = Release;
		};
		3D9E54C0275D022700A84539 /* Build configuration list for PBXNativeTarget "Mussum AppisTests" */ = {
			isa = XCConfigurationList;
			buildConfigurations = (
				3D9E54C1275D022700A84539 /* Debug */,
				3D9E54C2275D022700A84539 /* Release */,
			);
			defaultConfigurationIsVisible = 0;
			defaultConfigurationName = Release;
		};
		3D9E54C3275D022700A84539 /* Build configuration list for PBXNativeTarget "Mussum AppisUITests" */ = {
			isa = XCConfigurationList;
			buildConfigurations = (
				3D9E54C4275D022700A84539 /* Debug */,
				3D9E54C5275D022700A84539 /* Release */,
			);
			defaultConfigurationIsVisible = 0;
			defaultConfigurationName = Release;
		};
/* End XCConfigurationList section */
	};
	rootObject = 3D9E548B275D022600A84539 /* Project object */;
}
